
Microsoft Visual Studio Solution File, Format Version 12.00
# Visual Studio Version 16
VisualStudioVersion = 16.0.33027.164
MinimumVisualStudioVersion = 10.0.40219.1
Project("{FAE04EC0-301F-11D3-BF4B-00C04F79EFBC}") = "Week6EXAM", "Week6EXAM\Week6EXAM.csproj", "{8199E7BF-E366-453F-8081-E1D05DA1FC7B}"
EndProject
Global
	GlobalSection(SolutionConfigurationPlatforms) = preSolution
		Debug|Any CPU = Debug|Any CPU
		Release|Any CPU = Release|Any CPU
	EndGlobalSection
	GlobalSection(ProjectConfigurationPlatforms) = postSolution
		{8199E7BF-E366-453F-8081-E1D05DA1FC7B}.Debug|Any CPU.ActiveCfg = Debug|Any CPU
		{8199E7BF-E366-453F-8081-E1D05DA1FC7B}.Debug|Any CPU.Build.0 = Debug|Any CPU
		{8199E7BF-E366-453F-8081-E1D05DA1FC7B}.Release|Any CPU.ActiveCfg = Release|Any CPU
		{8199E7BF-E366-453F-8081-E1D05DA1FC7B}.Release|Any CPU.Build.0 = Release|Any CPU
	EndGlobalSection
	GlobalSection(SolutionProperties) = preSolution
		HideSolutionNode = FALSE
	EndGlobalSection
	GlobalSection(ExtensibilityGlobals) = postSolution
		SolutionGuid = {071FB5BF-E34D-4C2B-AC73-E37B215F3EB1}
	EndGlobalSection
EndGlobal
